
Microsoft Visual Studio Solution File, Format Version 12.00
# Visual Studio Version 16
VisualStudioVersion = 16.0.31829.152
MinimumVisualStudioVersion = 10.0.40219.1
Project("{FAE04EC0-301F-11D3-BF4B-00C04F79EFBC}") = "lolzin", "lolzin\lolzin.csproj", "{8FC07C8D-3D1B-43C8-9A84-66F14DEF4E88}"
EndProject
Global
	GlobalSection(SolutionConfigurationPlatforms) = preSolution
		Debug|Any CPU = Debug|Any CPU
		Release|Any CPU = Release|Any CPU
	EndGlobalSection
	GlobalSection(ProjectConfigurationPlatforms) = postSolution
		{8FC07C8D-3D1B-43C8-9A84-66F14DEF4E88}.Debug|Any CPU.ActiveCfg = Debug|Any CPU
		{8FC07C8D-3D1B-43C8-9A84-66F14DEF4E88}.Debug|Any CPU.Build.0 = Debug|Any CPU
		{8FC07C8D-3D1B-43C8-9A84-66F14DEF4E88}.Release|Any CPU.ActiveCfg = Release|Any CPU
		{8FC07C8D-3D1B-43C8-9A84-66F14DEF4E88}.Release|Any CPU.Build.0 = Release|Any CPU
	EndGlobalSection
	GlobalSection(SolutionProperties) = preSolution
		HideSolutionNode = FALSE
	EndGlobalSection
	GlobalSection(ExtensibilityGlobals) = postSolution
		SolutionGuid = {43B19D8D-18FD-4F89-B48C-D8E1E6210862}
	EndGlobalSection
EndGlobal
